github.com/go-redis/redis v6.15.9+incompatible h1:K0pv1D7EQUjfyoMql+r/jZqCLizCGKFlFgcHWWmHQjg=
github.com/go-redis/redis v6.15.9+incompatible/go.mod h1:NAIEuMOZ/fxfXJIrKDQDz8wamY7mA7PouImQ2Jvg6kA=
github.com/ryouaki/koa v1.0.6 h1:zCJ90fQlFFjdfDAqwIRxIUh9K/QqpyJ4D5C7LfahKvo=
github.com/ryouaki/koa v1.0.6/go.mod h1:cwEzTljlwsKbAXPuMCbosxov9dtrXlTPnOltUITwQd4=
